
Microsoft Visual Studio Solution File, Format Version 12.00
# Visual Studio 15
VisualStudioVersion = 15.0.28307.757
MinimumVisualStudioVersion = 10.0.40219.1
Project("{FAE04EC0-301F-11D3-BF4B-00C04F79EFBC}") = "ConsoleRoad", "ConsoleRoad\ConsoleRoad.csproj", "{8203B937-FFC8-4F6B-818A-665EC836D5CD}"
EndProject
Global
	GlobalSection(SolutionConfigurationPlatforms) = preSolution
		Debug|Any CPU = Debug|Any CPU
		Release|Any CPU = Release|Any CPU
	EndGlobalSection
	GlobalSection(ProjectConfigurationPlatforms) = postSolution
		{8203B937-FFC8-4F6B-818A-665EC836D5CD}.Debug|Any CPU.ActiveCfg = Debug|Any CPU
		{8203B937-FFC8-4F6B-818A-665EC836D5CD}.Debug|Any CPU.Build.0 = Debug|Any CPU
		{8203B937-FFC8-4F6B-818A-665EC836D5CD}.Release|Any CPU.ActiveCfg = Release|Any CPU
		{8203B937-FFC8-4F6B-818A-665EC836D5CD}.Release|Any CPU.Build.0 = Release|Any CPU
	EndGlobalSection
	GlobalSection(SolutionProperties) = preSolution
		HideSolutionNode = FALSE
	EndGlobalSection
	GlobalSection(ExtensibilityGlobals) = postSolution
		SolutionGuid = {263A9C7E-F25A-4B6A-912B-A68A63D1AFF5}
	EndGlobalSection
EndGlobal
